
Microsoft Visual Studio Solution File, Format Version 12.00
# Visual Studio Version 17
VisualStudioVersion = 17.11.35312.102
MinimumVisualStudioVersion = 10.0.40219.1
Project("{FAE04EC0-301F-11D3-BF4B-00C04F79EFBC}") = "7777", "7777.csproj", "{68D11CEC-7436-485B-8692-8296261A5B22}"
EndProject
Global
	GlobalSection(SolutionConfigurationPlatforms) = preSolution
		Debug|Any CPU = Debug|Any CPU
		Release|Any CPU = Release|Any CPU
	EndGlobalSection
	GlobalSection(ProjectConfigurationPlatforms) = postSolution
		{68D11CEC-7436-485B-8692-8296261A5B22}.Debug|Any CPU.ActiveCfg = Debug|Any CPU
		{68D11CEC-7436-485B-8692-8296261A5B22}.Debug|Any CPU.Build.0 = Debug|Any CPU
		{68D11CEC-7436-485B-8692-8296261A5B22}.Release|Any CPU.ActiveCfg = Release|Any CPU
		{68D11CEC-7436-485B-8692-8296261A5B22}.Release|Any CPU.Build.0 = Release|Any CPU
	EndGlobalSection
	GlobalSection(SolutionProperties) = preSolution
		HideSolutionNode = FALSE
	EndGlobalSection
	GlobalSection(ExtensibilityGlobals) = postSolution
		SolutionGuid = {3083BDCD-AA7C-447C-8BA9-C6410E9926C4}
	EndGlobalSection
EndGlobal
